{
  "name": "d-pac.client",
  "version": "0.4.13",
  "dependencies": {
    "backbone.whenthen": {
      "version": "1.0.2",
      "from": "backbone.whenthen@>=1.0.2 <2.0.0",
      "dependencies": {
        "underscore": {
          "version": "1.8.3",
          "from": "underscore@>=1.8.3 <2.0.0",
          "resolved": "https://registry.npmjs.org/underscore/-/underscore-1.8.3.tgz"
        }
      }
    },
    "bows": {
      "version": "1.4.8",
      "from": "bows@>=1.3.0 <2.0.0",
      "resolved": "https://registry.npmjs.org/bows/-/bows-1.4.8.tgz",
      "dependencies": {
        "andlog": {
          "version": "1.0.0",
          "from": "andlog@>=1.0.0 <2.0.0"
        }
      }
    },
    "handlebars": {
      "version": "4.0.3",
      "from": "handlebars@>=1.3.0 <5.0.0",
      "resolved": "https://registry.npmjs.org/handlebars/-/handlebars-4.0.3.tgz",
      "dependencies": {
        "async": {
          "version": "1.4.2",
          "from": "async@>=1.4.0 <2.0.0",
          "resolved": "https://registry.npmjs.org/async/-/async-1.4.2.tgz"
        },
        "optimist": {
          "version": "0.6.1",
          "from": "optimist@>=0.6.1 <0.7.0",
          "resolved": "https://registry.npmjs.org/optimist/-/optimist-0.6.1.tgz",
          "dependencies": {
            "wordwrap": {
              "version": "0.0.3",
              "from": "wordwrap@>=0.0.2 <0.1.0",
              "resolved": "https://registry.npmjs.org/wordwrap/-/wordwrap-0.0.3.tgz"
            },
            "minimist": {
              "version": "0.0.10",
              "from": "minimist@>=0.0.1 <0.1.0",
              "resolved": "https://registry.npmjs.org/minimist/-/minimist-0.0.10.tgz"
            }
          }
        },
        "source-map": {
          "version": "0.4.4",
          "from": "source-map@>=0.4.4 <0.5.0",
          "resolved": "https://registry.npmjs.org/source-map/-/source-map-0.4.4.tgz",
          "dependencies": {
            "amdefine": {
              "version": "1.0.0",
              "from": "amdefine@>=0.0.4",
              "resolved": "https://registry.npmjs.org/amdefine/-/amdefine-1.0.0.tgz"
            }
          }
        },
        "uglify-js": {
          "version": "2.4.24",
          "from": "uglify-js@>=2.4.0 <2.5.0",
          "resolved": "https://registry.npmjs.org/uglify-js/-/uglify-js-2.4.24.tgz",
          "dependencies": {
            "async": {
              "version": "0.2.10",
              "from": "async@>=0.2.6 <0.3.0",
              "resolved": "https://registry.npmjs.org/async/-/async-0.2.10.tgz"
            },
            "source-map": {
              "version": "0.1.34",
              "from": "source-map@0.1.34",
              "resolved": "https://registry.npmjs.org/source-map/-/source-map-0.1.34.tgz",
              "dependencies": {
                "amdefine": {
                  "version": "1.0.0",
                  "from": "amdefine@>=0.0.4",
                  "resolved": "https://registry.npmjs.org/amdefine/-/amdefine-1.0.0.tgz"
                }
              }
            },
            "uglify-to-browserify": {
              "version": "1.0.2",
              "from": "uglify-to-browserify@>=1.0.0 <1.1.0"
            },
            "yargs": {
              "version": "3.5.4",
              "from": "yargs@>=3.5.4 <3.6.0",
              "resolved": "https://registry.npmjs.org/yargs/-/yargs-3.5.4.tgz",
              "dependencies": {
                "camelcase": {
                  "version": "1.2.1",
                  "from": "camelcase@>=1.0.2 <2.0.0",
                  "resolved": "https://registry.npmjs.org/camelcase/-/camelcase-1.2.1.tgz"
                },
                "decamelize": {
                  "version": "1.0.0",
                  "from": "decamelize@>=1.0.0 <2.0.0",
                  "resolved": "https://registry.npmjs.org/decamelize/-/decamelize-1.0.0.tgz"
                },
                "window-size": {
                  "version": "0.1.0",
                  "from": "window-size@0.1.0",
                  "resolved": "https://registry.npmjs.org/window-size/-/window-size-0.1.0.tgz"
                },
                "wordwrap": {
                  "version": "0.0.2",
                  "from": "wordwrap@0.0.2"
                }
              }
            }
          }
        }
      }
    },
    "konfy": {
      "version": "0.2.1",
      "from": "konfy@>=0.2.1 <0.3.0",
      "dependencies": {
        "dotenv": {
          "version": "0.4.0",
          "from": "dotenv@>=0.4.0 <0.5.0",
          "resolved": "https://registry.npmjs.org/dotenv/-/dotenv-0.4.0.tgz"
        },
        "envify": {
          "version": "3.4.0",
          "from": "envify@>=3.0.0 <4.0.0",
          "resolved": "https://registry.npmjs.org/envify/-/envify-3.4.0.tgz",
          "dependencies": {
            "through": {
              "version": "2.3.8",
              "from": "through@>=2.3.4 <2.4.0",
              "resolved": "https://registry.npmjs.org/through/-/through-2.3.8.tgz"
            },
            "jstransform": {
              "version": "10.1.0",
              "from": "jstransform@>=10.0.1 <11.0.0",
              "resolved": "https://registry.npmjs.org/jstransform/-/jstransform-10.1.0.tgz",
              "dependencies": {
                "base62": {
                  "version": "0.1.1",
                  "from": "base62@0.1.1",
                  "resolved": "https://registry.npmjs.org/base62/-/base62-0.1.1.tgz"
                },
                "esprima-fb": {
                  "version": "13001.1001.0-dev-harmony-fb",
                  "from": "esprima-fb@13001.1001.0-dev-harmony-fb",
                  "resolved": "https://registry.npmjs.org/esprima-fb/-/esprima-fb-13001.1001.0-dev-harmony-fb.tgz"
                },
                "source-map": {
                  "version": "0.1.31",
                  "from": "source-map@0.1.31",
                  "resolved": "https://registry.npmjs.org/source-map/-/source-map-0.1.31.tgz",
                  "dependencies": {
                    "amdefine": {
                      "version": "1.0.0",
                      "from": "amdefine@>=0.0.4",
                      "resolved": "https://registry.npmjs.org/amdefine/-/amdefine-1.0.0.tgz"
                    }
                  }
                }
              }
            }
          }
        },
        "lodash": {
          "version": "2.4.2",
          "from": "lodash@>=2.4.1 <3.0.0",
          "resolved": "https://registry.npmjs.org/lodash/-/lodash-2.4.2.tgz"
        },
        "underscore-tpl": {
          "version": "0.3.3",
          "from": "underscore-tpl@>=0.3.3 <0.4.0"
        }
      }
    },
    "node-uuid": {
      "version": "1.4.3",
      "from": "node-uuid@>=1.4.3 <2.0.0",
      "resolved": "https://registry.npmjs.org/node-uuid/-/node-uuid-1.4.3.tgz"
    },
    "string": {
      "version": "3.3.1",
      "from": "string@>=3.1.1 <4.0.0",
      "resolved": "https://registry.npmjs.org/string/-/string-3.3.1.tgz"
    }
  }
}
